<?xml version="1.0" encoding="utf-8"?>
<Project ToolsVersion="4.0" xmlns="http://schemas.microsoft.com/developer/msbuild/2003">
  <ItemGroup>
    <Filter Include="FTEngine2D">
      <UniqueIdentifier>{EB899842-D741-DA8F-4049-B3EB2C207580}</UniqueIdentifier>
    </Filter>
    <Filter Include="FTEngine2D\Events">
      <UniqueIdentifier>{6F7F684E-DB95-66E4-240D-F2059062376C}</UniqueIdentifier>
    </Filter>
  </ItemGroup>
  <ItemGroup>
    <ClInclude Include="src\FTE.h" />
    <ClInclude Include="src\FTEngine2D\Application.h">
      <Filter>FTEngine2D</Filter>
    </ClInclude>
    <ClInclude Include="src\FTEngine2D\Core.h">
      <Filter>FTEngine2D</Filter>
    </ClInclude>
    <ClInclude Include="src\FTEngine2D\EntryPoint.h">
      <Filter>FTEngine2D</Filter>
    </ClInclude>
    <ClInclude Include="src\FTEngine2D\Events\ApplicationEvent.h">
      <Filter>FTEngine2D\Events</Filter>
    </ClInclude>
    <ClInclude Include="src\FTEngine2D\Events\Event.h">
      <Filter>FTEngine2D\Events</Filter>
    </ClInclude>
    <ClInclude Include="src\FTEngine2D\Events\KeyEvent.h">
      <Filter>FTEngine2D\Events</Filter>
    </ClInclude>
    <ClInclude Include="src\FTEngine2D\Events\MouseEvent.h">
      <Filter>FTEngine2D\Events</Filter>
    </ClInclude>
    <ClInclude Include="src\FTEngine2D\Log.h">
      <Filter>FTEngine2D</Filter>
    </ClInclude>
    <ClInclude Include="src\ftepch.h" />
    <ClInclude Include="src\FTEngine2D\Window.h">
      <Filter>FTEngine2D</Filter>
    </ClInclude>
    <ClInclude Include="src\Platform\Windows\WindowsWindow.h">
      <Filter>FTEngine2D</Filter>
    </ClInclude>
    <ClInclude Include="src\FTEngine2D\Layer.h">
      <Filter>FTEngine2D</Filter>
    </ClInclude>
    <ClInclude Include="src\FTEngine2D\LayerStack.h">
      <Filter>FTEngine2D</Filter>
    </ClInclude>
  </ItemGroup>
  <ItemGroup>
    <ClCompile Include="src\FTEngine2D\Application.cpp">
      <Filter>FTEngine2D</Filter>
    </ClCompile>
    <ClCompile Include="src\FTEngine2D\Log.cpp">
      <Filter>FTEngine2D</Filter>
    </ClCompile>
    <ClCompile Include="src\ftepch.cpp" />
    <ClCompile Include="src\Platform\Windows\WindowsWindow.cpp">
      <Filter>FTEngine2D</Filter>
    </ClCompile>
    <ClCompile Include="src\FTEngine2D\Layer.cpp">
      <Filter>FTEngine2D</Filter>
    </ClCompile>
    <ClCompile Include="src\FTEngine2D\LayerStack.cpp">
      <Filter>FTEngine2D</Filter>
    </ClCompile>
  </ItemGroup>
</Project>